# @generated by Move, please check-in and do not edit manually.

[move]
version = 3
manifest_digest = "1E06DB5D367BAB58A8CC175B255B8ECFE8F0250CC9033C56B1AC8822A0ECFF3C"
deps_digest = "F8BBB0CCB2491CA29A3DF03D6F92277A4F3574266507ACD77214D37ECA3F3082"
dependencies = [
  { id = "Sui", name = "Sui" },
]

[[move.package]]
id = "MoveStdlib"
source = { git = "https://github.com/MystenLabs/sui.git", rev = "framework/testnet", subdir = "crates\\sui-framework\\packages\\move-stdlib" }

[[move.package]]
id = "Sui"
source = { git = "https://github.com/MystenLabs/sui.git", rev = "framework/testnet", subdir = "crates/sui-framework/packages/sui-framework" }

dependencies = [
  { id = "MoveStdlib", name = "MoveStdlib" },
]

[move.toolchain-version]
compiler-version = "1.62.0"
edition = "2024.beta"
flavor = "sui"

[env]

[env.testnet]
chain-id = "4c78adac"
original-published-id = "0x37b389fed409d052303126a485e7c213b4e5de628a003b1311123d412fd1d7df"
latest-published-id = "0x37b389fed409d052303126a485e7c213b4e5de628a003b1311123d412fd1d7df"
published-version = "1"
